
Microsoft Visual Studio Solution File, Format Version 12.00
# Visual Studio Version 17
VisualStudioVersion = 17.7.34221.43
MinimumVisualStudioVersion = 10.0.40219.1
Project("{FAE04EC0-301F-11D3-BF4B-00C04F79EFBC}") = "Sigma.Application", "Sigma.Application\Sigma.Application.csproj", "{5ED5310D-93C7-4066-A1D4-BB9030EC6F07}"
EndProject
Project("{FAE04EC0-301F-11D3-BF4B-00C04F79EFBC}") = "Sigma.Domain", "Sigma.Domain\Sigma.Domain.csproj", "{2F335AE1-B94F-455F-910D-73AB9E176DE3}"
EndProject
Project("{FAE04EC0-301F-11D3-BF4B-00C04F79EFBC}") = "Sigma.Infrastructure", "Sigma.Infrastructure\Sigma.Infrastructure.csproj", "{5DEE810D-438E-4A2D-87AC-1E1520B01897}"
EndProject
Project("{FAE04EC0-301F-11D3-BF4B-00C04F79EFBC}") = "Sigma.API", "Sigma.API\Sigma.API.csproj", "{A71D1F7D-B604-4821-9608-CB6E181E9F50}"
EndProject
Global
	GlobalSection(SolutionConfigurationPlatforms) = preSolution
		Debug|Any CPU = Debug|Any CPU
		Release|Any CPU = Release|Any CPU
	EndGlobalSection
	GlobalSection(ProjectConfigurationPlatforms) = postSolution
		{5ED5310D-93C7-4066-A1D4-BB9030EC6F07}.Debug|Any CPU.ActiveCfg = Debug|Any CPU
		{5ED5310D-93C7-4066-A1D4-BB9030EC6F07}.Debug|Any CPU.Build.0 = Debug|Any CPU
		{5ED5310D-93C7-4066-A1D4-BB9030EC6F07}.Release|Any CPU.ActiveCfg = Release|Any CPU
		{5ED5310D-93C7-4066-A1D4-BB9030EC6F07}.Release|Any CPU.Build.0 = Release|Any CPU
		{2F335AE1-B94F-455F-910D-73AB9E176DE3}.Debug|Any CPU.ActiveCfg = Debug|Any CPU
		{2F335AE1-B94F-455F-910D-73AB9E176DE3}.Debug|Any CPU.Build.0 = Debug|Any CPU
		{2F335AE1-B94F-455F-910D-73AB9E176DE3}.Release|Any CPU.ActiveCfg = Release|Any CPU
		{2F335AE1-B94F-455F-910D-73AB9E176DE3}.Release|Any CPU.Build.0 = Release|Any CPU
		{5DEE810D-438E-4A2D-87AC-1E1520B01897}.Debug|Any CPU.ActiveCfg = Debug|Any CPU
		{5DEE810D-438E-4A2D-87AC-1E1520B01897}.Debug|Any CPU.Build.0 = Debug|Any CPU
		{5DEE810D-438E-4A2D-87AC-1E1520B01897}.Release|Any CPU.ActiveCfg = Release|Any CPU
		{5DEE810D-438E-4A2D-87AC-1E1520B01897}.Release|Any CPU.Build.0 = Release|Any CPU
		{A71D1F7D-B604-4821-9608-CB6E181E9F50}.Debug|Any CPU.ActiveCfg = Debug|Any CPU
		{A71D1F7D-B604-4821-9608-CB6E181E9F50}.Debug|Any CPU.Build.0 = Debug|Any CPU
		{A71D1F7D-B604-4821-9608-CB6E181E9F50}.Release|Any CPU.ActiveCfg = Release|Any CPU
		{A71D1F7D-B604-4821-9608-CB6E181E9F50}.Release|Any CPU.Build.0 = Release|Any CPU
	EndGlobalSection
	GlobalSection(SolutionProperties) = preSolution
		HideSolutionNode = FALSE
	EndGlobalSection
	GlobalSection(ExtensibilityGlobals) = postSolution
		SolutionGuid = {1612B85E-D7B3-4B12-97EB-1E1B77974EC3}
	EndGlobalSection
EndGlobal
